
Microsoft Visual Studio Solution File, Format Version 12.00
# Visual Studio Version 17
VisualStudioVersion = 17.7.34221.43
MinimumVisualStudioVersion = 10.0.40219.1
Project("{FAE04EC0-301F-11D3-BF4B-00C04F79EFBC}") = "KhaccThienn_Ecommerce", "KhaccThienn_Ecommerce\KhaccThienn_Ecommerce.csproj", "{AAFFF736-D9E1-4928-8153-D428D2D1122A}"
EndProject
Global
	GlobalSection(SolutionConfigurationPlatforms) = preSolution
		Debug|Any CPU = Debug|Any CPU
		Release|Any CPU = Release|Any CPU
	EndGlobalSection
	GlobalSection(ProjectConfigurationPlatforms) = postSolution
		{AAFFF736-D9E1-4928-8153-D428D2D1122A}.Debug|Any CPU.ActiveCfg = Debug|Any CPU
		{AAFFF736-D9E1-4928-8153-D428D2D1122A}.Debug|Any CPU.Build.0 = Debug|Any CPU
		{AAFFF736-D9E1-4928-8153-D428D2D1122A}.Release|Any CPU.ActiveCfg = Release|Any CPU
		{AAFFF736-D9E1-4928-8153-D428D2D1122A}.Release|Any CPU.Build.0 = Release|Any CPU
	EndGlobalSection
	GlobalSection(SolutionProperties) = preSolution
		HideSolutionNode = FALSE
	EndGlobalSection
	GlobalSection(ExtensibilityGlobals) = postSolution
		SolutionGuid = {EAD39CDB-38BF-4D29-A552-DBF1BA90CF4C}
	EndGlobalSection
EndGlobal
